
Microsoft Visual Studio Solution File, Format Version 12.00
# Visual Studio Version 17
VisualStudioVersion = 17.0.31717.71
MinimumVisualStudioVersion = 10.0.40219.1
Project("{FAE04EC0-301F-11D3-BF4B-00C04F79EFBC}") = "DataStructure", "DataStructure.csproj", "{2E275AC8-83BD-4548-A082-C4DE18F6D474}"
EndProject
Global
	GlobalSection(SolutionConfigurationPlatforms) = preSolution
		Debug|Any CPU = Debug|Any CPU
		Release|Any CPU = Release|Any CPU
	EndGlobalSection
	GlobalSection(ProjectConfigurationPlatforms) = postSolution
		{2E275AC8-83BD-4548-A082-C4DE18F6D474}.Debug|Any CPU.ActiveCfg = Debug|Any CPU
		{2E275AC8-83BD-4548-A082-C4DE18F6D474}.Debug|Any CPU.Build.0 = Debug|Any CPU
		{2E275AC8-83BD-4548-A082-C4DE18F6D474}.Release|Any CPU.ActiveCfg = Release|Any CPU
		{2E275AC8-83BD-4548-A082-C4DE18F6D474}.Release|Any CPU.Build.0 = Release|Any CPU
	EndGlobalSection
	GlobalSection(SolutionProperties) = preSolution
		HideSolutionNode = FALSE
	EndGlobalSection
	GlobalSection(ExtensibilityGlobals) = postSolution
		SolutionGuid = {2352F1DD-1929-45D2-B2FE-7A50A15E889D}
	EndGlobalSection
EndGlobal
